{
  "nodes": {
    "dolphin-emu-src": {
      "flake": false,
      "locked": {
        "lastModified": 1678632188,
        "narHash": "sha256-9DzbBYHZzc+q9+9swxtEEHaUE8k6BRU8tRMfo1OKhpg=",
        "ref": "refs/heads/master",
        "rev": "019bde6afcca8ff10953421a9c52a68f3d9ca8aa",
        "revCount": 39344,
        "submodules": true,
        "type": "git",
        "url": "https://github.com/dolphin-emu/dolphin.git"
      },
      "original": {
        "submodules": true,
        "type": "git",
        "url": "https://github.com/dolphin-emu/dolphin.git"
      }
    },
    "flake-parts": {
      "inputs": {
        "nixpkgs-lib": "nixpkgs-lib"
      },
      "locked": {
        "lastModified": 1678379998,
        "narHash": "sha256-TZdfNqftHhDuIFwBcN9MUThx5sQXCTeZk9je5byPKRw=",
        "owner": "hercules-ci",
        "repo": "flake-parts",
        "rev": "c13d60b89adea3dc20704c045ec4d50dd964d447",
        "type": "github"
      },
      "original": {
        "owner": "hercules-ci",
        "repo": "flake-parts",
        "type": "github"
      }
    },
    "nixpkgs": {
      "locked": {
        "lastModified": 1678563391,
        "narHash": "sha256-fGSVN8pdE8ACraNsbsx1UVL7Jl7Huhz4N+0udFT35XU=",
        "owner": "nixos",
        "repo": "nixpkgs",
        "rev": "1e3bac17a6c67dcbef9908bc2977e9449ef499a5",
        "type": "github"
      },
      "original": {
        "owner": "nixos",
        "ref": "nixos-unstable",
        "repo": "nixpkgs",
        "type": "github"
      }
    },
    "nixpkgs-lib": {
      "locked": {
        "dir": "lib",
        "lastModified": 1678375444,
        "narHash": "sha256-XIgHfGvjFvZQ8hrkfocanCDxMefc/77rXeHvYdzBMc8=",
        "owner": "NixOS",
        "repo": "nixpkgs",
        "rev": "130fa0baaa2b93ec45523fdcde942f6844ee9f6e",
        "type": "github"
      },
      "original": {
        "dir": "lib",
        "owner": "NixOS",
        "ref": "nixos-unstable",
        "repo": "nixpkgs",
        "type": "github"
      }
    },
    "root": {
      "inputs": {
        "dolphin-emu-src": "dolphin-emu-src",
        "flake-parts": "flake-parts",
        "nixpkgs": "nixpkgs"
      }
    }
  },
  "root": "root",
  "version": 7
}
