{
  "nodes": {
    "dolphin-emu-src": {
      "flake": false,
      "locked": {
        "lastModified": 1668298012,
        "narHash": "sha256-3JAh0Dqa//AyeMX3qqgQjvKfjpZkGCPubz+cAFBSjrY=",
        "ref": "refs/heads/master",
        "rev": "2a81fa6c2698fe2f81ed4e1267516029a7a0c878",
        "revCount": 38249,
        "submodules": true,
        "type": "git",
        "url": "https://github.com/dolphin-emu/dolphin.git"
      },
      "original": {
        "submodules": true,
        "type": "git",
        "url": "https://github.com/dolphin-emu/dolphin.git"
      }
    },
    "flake-parts": {
      "inputs": {
        "nixpkgs-lib": "nixpkgs-lib"
      },
      "locked": {
        "lastModified": 1668267756,
        "narHash": "sha256-qPHFVEKjHEqpJunN1mfxUhbzcPYVDApxnQ3PGYxZT1c=",
        "owner": "hercules-ci",
        "repo": "flake-parts",
        "rev": "f44ebd5897ae5313494d94910f413744e275b096",
        "type": "github"
      },
      "original": {
        "owner": "hercules-ci",
        "repo": "flake-parts",
        "type": "github"
      }
    },
    "nixpkgs": {
      "locked": {
        "lastModified": 1668087632,
        "narHash": "sha256-T/cUx44aYDuLMFfaiVpMdTjL4kpG7bh0VkN6JEM78/E=",
        "owner": "nixos",
        "repo": "nixpkgs",
        "rev": "5f588eb4a958f1a526ed8da02d6ea1bea0047b9f",
        "type": "github"
      },
      "original": {
        "owner": "nixos",
        "ref": "nixos-unstable",
        "repo": "nixpkgs",
        "type": "github"
      }
    },
    "nixpkgs-lib": {
      "locked": {
        "dir": "lib",
        "lastModified": 1665349835,
        "narHash": "sha256-UK4urM3iN80UXQ7EaOappDzcisYIuEURFRoGQ/yPkug=",
        "owner": "NixOS",
        "repo": "nixpkgs",
        "rev": "34c5293a71ffdb2fe054eb5288adc1882c1eb0b1",
        "type": "github"
      },
      "original": {
        "dir": "lib",
        "owner": "NixOS",
        "ref": "nixos-unstable",
        "repo": "nixpkgs",
        "type": "github"
      }
    },
    "root": {
      "inputs": {
        "dolphin-emu-src": "dolphin-emu-src",
        "flake-parts": "flake-parts",
        "nixpkgs": "nixpkgs"
      }
    }
  },
  "root": "root",
  "version": 7
}
